
Microsoft Visual Studio Solution File, Format Version 12.00
# Visual Studio 2012
Project("{FAE04EC0-301F-11D3-BF4B-00C04F79EFBC}") = "Aula30", "Aula30.csproj", "{B929EFA2-2FD0-4C77-8149-01BA794CA201}"
EndProject
Global
	GlobalSection(SolutionConfigurationPlatforms) = preSolution
		Debug|x86 = Debug|x86
		Release|x86 = Release|x86
	EndGlobalSection
	GlobalSection(ProjectConfigurationPlatforms) = postSolution
		{B929EFA2-2FD0-4C77-8149-01BA794CA201}.Debug|x86.ActiveCfg = Debug|x86
		{B929EFA2-2FD0-4C77-8149-01BA794CA201}.Debug|x86.Build.0 = Debug|x86
		{B929EFA2-2FD0-4C77-8149-01BA794CA201}.Release|x86.ActiveCfg = Release|x86
		{B929EFA2-2FD0-4C77-8149-01BA794CA201}.Release|x86.Build.0 = Release|x86
	EndGlobalSection
EndGlobal
